
Microsoft Visual Studio Solution File, Format Version 12.00
# Visual Studio Version 17
VisualStudioVersion = 17.13.35931.197 d17.13
MinimumVisualStudioVersion = 10.0.40219.1
Project("{FAE04EC0-301F-11D3-BF4B-00C04F79EFBC}") = "FinalProject", "FinalProject\FinalProject.csproj", "{17229676-3E31-4B6F-9B08-666E2CBDE00C}"
EndProject
Global
	GlobalSection(SolutionConfigurationPlatforms) = preSolution
		Debug|Any CPU = Debug|Any CPU
		Release|Any CPU = Release|Any CPU
	EndGlobalSection
	GlobalSection(ProjectConfigurationPlatforms) = postSolution
		{17229676-3E31-4B6F-9B08-666E2CBDE00C}.Debug|Any CPU.ActiveCfg = Debug|Any CPU
		{17229676-3E31-4B6F-9B08-666E2CBDE00C}.Debug|Any CPU.Build.0 = Debug|Any CPU
		{17229676-3E31-4B6F-9B08-666E2CBDE00C}.Release|Any CPU.ActiveCfg = Release|Any CPU
		{17229676-3E31-4B6F-9B08-666E2CBDE00C}.Release|Any CPU.Build.0 = Release|Any CPU
	EndGlobalSection
	GlobalSection(SolutionProperties) = preSolution
		HideSolutionNode = FALSE
	EndGlobalSection
	GlobalSection(ExtensibilityGlobals) = postSolution
		SolutionGuid = {D955B384-E766-4779-AEC0-47239DF2F2E5}
	EndGlobalSection
EndGlobal
